// !$*UTF8*$!
{
	archiveVersion = 1;
	classes = {
	};
	objectVersion = 56;
	objects = {

/* Begin PBXBuildFile section */
		FD0000100000000000000001 /* DictabarApp.swift in Sources */ = {isa = PBXBuildFile; fileRef = FD0000200000000000000001 /* DictabarApp.swift */; };
		FD0000100000000000000002 /* AppState.swift in Sources */ = {isa = PBXBuildFile; fileRef = FD0000200000000000000002 /* AppState.swift */; };
		FD0000100000000000000003 /* PermissionManager.swift in Sources */ = {isa = PBXBuildFile; fileRef = FD0000200000000000000003 /* PermissionManager.swift */; };
		FD0000100000000000000004 /* AudioRecorder.swift in Sources */ = {isa = PBXBuildFile; fileRef = FD0000200000000000000004 /* AudioRecorder.swift */; };
		FD0000100000000000000005 /* GlobalShortcutManager.swift in Sources */ = {isa = PBXBuildFile; fileRef = FD0000200000000000000005 /* GlobalShortcutManager.swift */; };
		FD0000100000000000000006 /* TextInsertionService.swift in Sources */ = {isa = PBXBuildFile; fileRef = FD0000200000000000000006 /* TextInsertionService.swift */; };
		FD0000100000000000000007 /* DictationController.swift in Sources */ = {isa = PBXBuildFile; fileRef = FD0000200000000000000007 /* DictationController.swift */; };
		FD0000100000000000000008 /* SettingsView.swift in Sources */ = {isa = PBXBuildFile; fileRef = FD0000200000000000000008 /* SettingsView.swift */; };
		FD0000100000000000000011 /* Models.swift in Sources */ = {isa = PBXBuildFile; fileRef = FD0000200000000000000011 /* Models.swift */; };
		FD0000100000000000000012 /* SettingsStore.swift in Sources */ = {isa = PBXBuildFile; fileRef = FD0000200000000000000012 /* SettingsStore.swift */; };
		FD0000100000000000000013 /* LocalSecretStore.swift in Sources */ = {isa = PBXBuildFile; fileRef = FD0000200000000000000013 /* LocalSecretStore.swift */; };
		FD0000100000000000000014 /* MultipartFormData.swift in Sources */ = {isa = PBXBuildFile; fileRef = FD0000200000000000000014 /* MultipartFormData.swift */; };
		FD0000100000000000000015 /* TranscriptionProviders.swift in Sources */ = {isa = PBXBuildFile; fileRef = FD0000200000000000000015 /* TranscriptionProviders.swift */; };
		FD0000100000000000000016 /* OverlayWindowController.swift in Sources */ = {isa = PBXBuildFile; fileRef = FD0000200000000000000016 /* OverlayWindowController.swift */; };
		FD0000100000000000000017 /* LaunchAtLoginService.swift in Sources */ = {isa = PBXBuildFile; fileRef = FD0000200000000000000017 /* LaunchAtLoginService.swift */; };
		FD0000100000000000000018 /* SystemAudioMuteService.swift in Sources */ = {isa = PBXBuildFile; fileRef = FD0000200000000000000018 /* SystemAudioMuteService.swift */; };
		FD0000100000000000000019 /* MicrophoneDeviceManager.swift in Sources */ = {isa = PBXBuildFile; fileRef = FD0000200000000000000019 /* MicrophoneDeviceManager.swift */; };
		FD0000100000000000000020 /* ShortcutCapture.swift in Sources */ = {isa = PBXBuildFile; fileRef = FD0000200000000000000020 /* ShortcutCapture.swift */; };
		FD0000100000000000000021 /* DiagnosticsLogger.swift in Sources */ = {isa = PBXBuildFile; fileRef = FD0000200000000000000021 /* DiagnosticsLogger.swift */; };
		FD0000100000000000000022 /* UpdateManager.swift in Sources */ = {isa = PBXBuildFile; fileRef = FD0000200000000000000022 /* UpdateManager.swift */; };
		FD0000100000000000000023 /* Assets.xcassets in Resources */ = {isa = PBXBuildFile; fileRef = FD0000200000000000000023 /* Assets.xcassets */; };
		FD0000100000000000000024 /* PermissionCenter.swift in Sources */ = {isa = PBXBuildFile; fileRef = FD0000200000000000000024 /* PermissionCenter.swift */; };
		FD0000100000000000000025 /* PermissionsUI.swift in Sources */ = {isa = PBXBuildFile; fileRef = FD0000200000000000000025 /* PermissionsUI.swift */; };
		FD0000100000000000000026 /* L10n.swift in Sources */ = {isa = PBXBuildFile; fileRef = FD0000200000000000000026 /* L10n.swift */; };
		FD0000100000000000000027 /* TranscriptHistoryStore.swift in Sources */ = {isa = PBXBuildFile; fileRef = FD0000200000000000000027 /* TranscriptHistoryStore.swift */; };
		FD0000100000000000000028 /* ProviderConnectionTester.swift in Sources */ = {isa = PBXBuildFile; fileRef = FD0000200000000000000028 /* ProviderConnectionTester.swift */; };
		FD0000100000000000000029 /* LocalModels.swift in Sources */ = {isa = PBXBuildFile; fileRef = FD0000200000000000000029 /* LocalModels.swift */; };
		FD1000100000000000000001 /* AudioCommon in Frameworks */ = {isa = PBXBuildFile; productRef = FD1000200000000000000001 /* AudioCommon */; };
		FD1000100000000000000002 /* ParakeetASR in Frameworks */ = {isa = PBXBuildFile; productRef = FD1000200000000000000002 /* ParakeetASR */; };
		FD1000100000000000000003 /* NemotronStreamingASR in Frameworks */ = {isa = PBXBuildFile; productRef = FD1000200000000000000003 /* NemotronStreamingASR */; };
		FD1000100000000000000004 /* Qwen3ASR in Frameworks */ = {isa = PBXBuildFile; productRef = FD1000200000000000000004 /* Qwen3ASR */; };
		FD1000100000000000000005 /* MossTranscribe in Frameworks */ = {isa = PBXBuildFile; productRef = FD1000200000000000000005 /* MossTranscribe */; };
		FD2000100000000000000001 /* Sparkle in Frameworks */ = {isa = PBXBuildFile; productRef = FD2000200000000000000001 /* Sparkle */; };
		FD3000100000000000000001 /* LICENSE in Resources */ = {isa = PBXBuildFile; fileRef = FD3000200000000000000001 /* LICENSE */; };
		FD3000100000000000000002 /* THIRD_PARTY_NOTICES.md in Resources */ = {isa = PBXBuildFile; fileRef = FD3000200000000000000002 /* THIRD_PARTY_NOTICES.md */; };
/* End PBXBuildFile section */

/* Begin PBXFileReference section */
		FD0000200000000000000000 /* Dictabar.app */ = {isa = PBXFileReference; explicitFileType = wrapper.application; includeInIndex = 0; path = Dictabar.app; sourceTree = BUILT_PRODUCTS_DIR; };
		FD0000200000000000000001 /* DictabarApp.swift */ = {isa = PBXFileReference; lastKnownFileType = sourcecode.swift; path = DictabarApp.swift; sourceTree = "<group>"; };
		FD0000200000000000000002 /* AppState.swift */ = {isa = PBXFileReference; lastKnownFileType = sourcecode.swift; path = AppState.swift; sourceTree = "<group>"; };
		FD0000200000000000000003 /* PermissionManager.swift */ = {isa = PBXFileReference; lastKnownFileType = sourcecode.swift; path = PermissionManager.swift; sourceTree = "<group>"; };
		FD0000200000000000000004 /* AudioRecorder.swift */ = {isa = PBXFileReference; lastKnownFileType = sourcecode.swift; path = AudioRecorder.swift; sourceTree = "<group>"; };
		FD0000200000000000000005 /* GlobalShortcutManager.swift */ = {isa = PBXFileReference; lastKnownFileType = sourcecode.swift; path = GlobalShortcutManager.swift; sourceTree = "<group>"; };
		FD0000200000000000000006 /* TextInsertionService.swift */ = {isa = PBXFileReference; lastKnownFileType = sourcecode.swift; path = TextInsertionService.swift; sourceTree = "<group>"; };
		FD0000200000000000000007 /* DictationController.swift */ = {isa = PBXFileReference; lastKnownFileType = sourcecode.swift; path = DictationController.swift; sourceTree = "<group>"; };
		FD0000200000000000000008 /* SettingsView.swift */ = {isa = PBXFileReference; lastKnownFileType = sourcecode.swift; path = SettingsView.swift; sourceTree = "<group>"; };
		FD0000200000000000000010 /* Info.plist */ = {isa = PBXFileReference; lastKnownFileType = text.plist.xml; path = Info.plist; sourceTree = "<group>"; };
		FD0000200000000000000011 /* Models.swift */ = {isa = PBXFileReference; lastKnownFileType = sourcecode.swift; path = Models.swift; sourceTree = "<group>"; };
		FD0000200000000000000012 /* SettingsStore.swift */ = {isa = PBXFileReference; lastKnownFileType = sourcecode.swift; path = SettingsStore.swift; sourceTree = "<group>"; };
		FD0000200000000000000013 /* LocalSecretStore.swift */ = {isa = PBXFileReference; lastKnownFileType = sourcecode.swift; path = LocalSecretStore.swift; sourceTree = "<group>"; };
		FD0000200000000000000014 /* MultipartFormData.swift */ = {isa = PBXFileReference; lastKnownFileType = sourcecode.swift; path = MultipartFormData.swift; sourceTree = "<group>"; };
		FD0000200000000000000015 /* TranscriptionProviders.swift */ = {isa = PBXFileReference; lastKnownFileType = sourcecode.swift; path = TranscriptionProviders.swift; sourceTree = "<group>"; };
		FD0000200000000000000016 /* OverlayWindowController.swift */ = {isa = PBXFileReference; lastKnownFileType = sourcecode.swift; path = OverlayWindowController.swift; sourceTree = "<group>"; };
		FD0000200000000000000017 /* LaunchAtLoginService.swift */ = {isa = PBXFileReference; lastKnownFileType = sourcecode.swift; path = LaunchAtLoginService.swift; sourceTree = "<group>"; };
		FD0000200000000000000018 /* SystemAudioMuteService.swift */ = {isa = PBXFileReference; lastKnownFileType = sourcecode.swift; path = SystemAudioMuteService.swift; sourceTree = "<group>"; };
		FD0000200000000000000019 /* MicrophoneDeviceManager.swift */ = {isa = PBXFileReference; lastKnownFileType = sourcecode.swift; path = MicrophoneDeviceManager.swift; sourceTree = "<group>"; };
		FD0000200000000000000020 /* ShortcutCapture.swift */ = {isa = PBXFileReference; lastKnownFileType = sourcecode.swift; path = ShortcutCapture.swift; sourceTree = "<group>"; };
		FD0000200000000000000021 /* DiagnosticsLogger.swift */ = {isa = PBXFileReference; lastKnownFileType = sourcecode.swift; path = DiagnosticsLogger.swift; sourceTree = "<group>"; };
		FD0000200000000000000022 /* UpdateManager.swift */ = {isa = PBXFileReference; lastKnownFileType = sourcecode.swift; path = UpdateManager.swift; sourceTree = "<group>"; };
		FD0000200000000000000023 /* Assets.xcassets */ = {isa = PBXFileReference; lastKnownFileType = folder.assetcatalog; path = Assets.xcassets; sourceTree = "<group>"; };
		FD0000200000000000000024 /* PermissionCenter.swift */ = {isa = PBXFileReference; lastKnownFileType = sourcecode.swift; path = PermissionCenter.swift; sourceTree = "<group>"; };
		FD0000200000000000000025 /* PermissionsUI.swift */ = {isa = PBXFileReference; lastKnownFileType = sourcecode.swift; path = PermissionsUI.swift; sourceTree = "<group>"; };
		FD0000200000000000000026 /* L10n.swift */ = {isa = PBXFileReference; lastKnownFileType = sourcecode.swift; path = L10n.swift; sourceTree = "<group>"; };
		FD0000200000000000000027 /* TranscriptHistoryStore.swift */ = {isa = PBXFileReference; lastKnownFileType = sourcecode.swift; path = TranscriptHistoryStore.swift; sourceTree = "<group>"; };
		FD0000200000000000000028 /* ProviderConnectionTester.swift */ = {isa = PBXFileReference; lastKnownFileType = sourcecode.swift; path = ProviderConnectionTester.swift; sourceTree = "<group>"; };
		FD0000200000000000000029 /* LocalModels.swift */ = {isa = PBXFileReference; lastKnownFileType = sourcecode.swift; path = LocalModels.swift; sourceTree = "<group>"; };
		FD3000200000000000000001 /* LICENSE */ = {isa = PBXFileReference; lastKnownFileType = text; path = LICENSE; sourceTree = "<group>"; };
		FD3000200000000000000002 /* THIRD_PARTY_NOTICES.md */ = {isa = PBXFileReference; lastKnownFileType = net.daringfireball.markdown; path = THIRD_PARTY_NOTICES.md; sourceTree = "<group>"; };
/* End PBXFileReference section */

/* Begin PBXFrameworksBuildPhase section */
		FD0000300000000000000000 /* Frameworks */ = {
			isa = PBXFrameworksBuildPhase;
			buildActionMask = 2147483647;
			files = (
				FD1000100000000000000001 /* AudioCommon in Frameworks */,
				FD1000100000000000000002 /* ParakeetASR in Frameworks */,
				FD1000100000000000000003 /* NemotronStreamingASR in Frameworks */,
				FD1000100000000000000004 /* Qwen3ASR in Frameworks */,
				FD1000100000000000000005 /* MossTranscribe in Frameworks */,
				FD2000100000000000000001 /* Sparkle in Frameworks */,
			);
			runOnlyForDeploymentPostprocessing = 0;
		};
/* End PBXFrameworksBuildPhase section */

/* Begin PBXGroup section */
		FD0000400000000000000000 = {
			isa = PBXGroup;
			children = (
				FD3000200000000000000001 /* LICENSE */,
				FD3000200000000000000002 /* THIRD_PARTY_NOTICES.md */,
				FD0000400000000000000001 /* Dictabar */,
				FD0000400000000000000002 /* Products */,
			);
			sourceTree = "<group>";
		};
		FD0000400000000000000001 /* Dictabar */ = {
			isa = PBXGroup;
			children = (
				FD0000200000000000000001 /* DictabarApp.swift */,
				FD0000200000000000000002 /* AppState.swift */,
				FD0000200000000000000003 /* PermissionManager.swift */,
				FD0000200000000000000024 /* PermissionCenter.swift */,
				FD0000200000000000000025 /* PermissionsUI.swift */,
				FD0000200000000000000026 /* L10n.swift */,
				FD0000200000000000000027 /* TranscriptHistoryStore.swift */,
				FD0000200000000000000028 /* ProviderConnectionTester.swift */,
				FD0000200000000000000029 /* LocalModels.swift */,
				FD0000200000000000000004 /* AudioRecorder.swift */,
				FD0000200000000000000005 /* GlobalShortcutManager.swift */,
				FD0000200000000000000006 /* TextInsertionService.swift */,
				FD0000200000000000000007 /* DictationController.swift */,
				FD0000200000000000000008 /* SettingsView.swift */,
				FD0000200000000000000011 /* Models.swift */,
				FD0000200000000000000012 /* SettingsStore.swift */,
				FD0000200000000000000013 /* LocalSecretStore.swift */,
				FD0000200000000000000014 /* MultipartFormData.swift */,
				FD0000200000000000000015 /* TranscriptionProviders.swift */,
				FD0000200000000000000016 /* OverlayWindowController.swift */,
				FD0000200000000000000017 /* LaunchAtLoginService.swift */,
				FD0000200000000000000018 /* SystemAudioMuteService.swift */,
				FD0000200000000000000019 /* MicrophoneDeviceManager.swift */,
				FD0000200000000000000020 /* ShortcutCapture.swift */,
				FD0000200000000000000021 /* DiagnosticsLogger.swift */,
				FD0000200000000000000022 /* UpdateManager.swift */,
				FD0000200000000000000023 /* Assets.xcassets */,
				FD0000200000000000000010 /* Info.plist */,
			);
			path = Dictabar;
			sourceTree = "<group>";
		};
		FD0000400000000000000002 /* Products */ = {
			isa = PBXGroup;
			children = (
				FD0000200000000000000000 /* Dictabar.app */,
			);
			name = Products;
			sourceTree = "<group>";
		};
/* End PBXGroup section */

/* Begin PBXNativeTarget section */
		FD0000500000000000000000 /* Dictabar */ = {
			isa = PBXNativeTarget;
			buildConfigurationList = FD0000600000000000000002 /* Build configuration list for PBXNativeTarget "Dictabar" */;
			buildPhases = (
				FD0000700000000000000000 /* Sources */,
				FD0000300000000000000000 /* Frameworks */,
				FD0000800000000000000000 /* Resources */,
			);
			buildRules = (
			);
			dependencies = (
			);
			name = Dictabar;
			packageProductDependencies = (
				FD1000200000000000000001 /* AudioCommon */,
				FD1000200000000000000002 /* ParakeetASR */,
				FD1000200000000000000003 /* NemotronStreamingASR */,
				FD1000200000000000000004 /* Qwen3ASR */,
				FD1000200000000000000005 /* MossTranscribe */,
				FD2000200000000000000001 /* Sparkle */,
			);
			productName = Dictabar;
			productReference = FD0000200000000000000000 /* Dictabar.app */;
			productType = "com.apple.product-type.application";
		};
/* End PBXNativeTarget section */

/* Begin PBXProject section */
		FD0000900000000000000000 /* Project object */ = {
			isa = PBXProject;
			attributes = {
				BuildIndependentTargetsInParallel = 1;
				LastSwiftUpdateCheck = 1600;
				LastUpgradeCheck = 1600;
				TargetAttributes = {
					FD0000500000000000000000 = {
						CreatedOnToolsVersion = 16.0;
					};
				};
			};
			buildConfigurationList = FD0000600000000000000000 /* Build configuration list for PBXProject "Dictabar" */;
			compatibilityVersion = "Xcode 15.0";
			developmentRegion = en;
			hasScannedForEncodings = 0;
			knownRegions = (
				en,
				Base,
			);
			mainGroup = FD0000400000000000000000;
			packageReferences = (
				FD1000300000000000000001 /* XCRemoteSwiftPackageReference "speech-swift" */,
				FD2000300000000000000001 /* XCRemoteSwiftPackageReference "Sparkle" */,
			);
			productRefGroup = FD0000400000000000000002 /* Products */;
			projectDirPath = "";
			projectRoot = "";
			targets = (
				FD0000500000000000000000 /* Dictabar */,
			);
		};
/* End PBXProject section */

/* Begin PBXResourcesBuildPhase section */
		FD0000800000000000000000 /* Resources */ = {
			isa = PBXResourcesBuildPhase;
			buildActionMask = 2147483647;
			files = (
				FD0000100000000000000023 /* Assets.xcassets in Resources */,
				FD3000100000000000000001 /* LICENSE in Resources */,
				FD3000100000000000000002 /* THIRD_PARTY_NOTICES.md in Resources */,
			);
			runOnlyForDeploymentPostprocessing = 0;
		};
/* End PBXResourcesBuildPhase section */

/* Begin PBXSourcesBuildPhase section */
		FD0000700000000000000000 /* Sources */ = {
			isa = PBXSourcesBuildPhase;
			buildActionMask = 2147483647;
			files = (
				FD0000100000000000000001 /* DictabarApp.swift in Sources */,
				FD0000100000000000000002 /* AppState.swift in Sources */,
				FD0000100000000000000003 /* PermissionManager.swift in Sources */,
				FD0000100000000000000024 /* PermissionCenter.swift in Sources */,
				FD0000100000000000000025 /* PermissionsUI.swift in Sources */,
				FD0000100000000000000026 /* L10n.swift in Sources */,
				FD0000100000000000000027 /* TranscriptHistoryStore.swift in Sources */,
				FD0000100000000000000028 /* ProviderConnectionTester.swift in Sources */,
				FD0000100000000000000029 /* LocalModels.swift in Sources */,
				FD0000100000000000000004 /* AudioRecorder.swift in Sources */,
				FD0000100000000000000005 /* GlobalShortcutManager.swift in Sources */,
				FD0000100000000000000006 /* TextInsertionService.swift in Sources */,
				FD0000100000000000000007 /* DictationController.swift in Sources */,
				FD0000100000000000000008 /* SettingsView.swift in Sources */,
				FD0000100000000000000011 /* Models.swift in Sources */,
				FD0000100000000000000012 /* SettingsStore.swift in Sources */,
				FD0000100000000000000013 /* LocalSecretStore.swift in Sources */,
				FD0000100000000000000014 /* MultipartFormData.swift in Sources */,
				FD0000100000000000000015 /* TranscriptionProviders.swift in Sources */,
				FD0000100000000000000016 /* OverlayWindowController.swift in Sources */,
				FD0000100000000000000017 /* LaunchAtLoginService.swift in Sources */,
				FD0000100000000000000018 /* SystemAudioMuteService.swift in Sources */,
				FD0000100000000000000019 /* MicrophoneDeviceManager.swift in Sources */,
				FD0000100000000000000020 /* ShortcutCapture.swift in Sources */,
				FD0000100000000000000021 /* DiagnosticsLogger.swift in Sources */,
				FD0000100000000000000022 /* UpdateManager.swift in Sources */,
			);
			runOnlyForDeploymentPostprocessing = 0;
		};
/* End PBXSourcesBuildPhase section */

/* Begin XCBuildConfiguration section */
		FD0000600000000000000004 /* Debug */ = {
			isa = XCBuildConfiguration;
			buildSettings = {
				ALWAYS_SEARCH_USER_PATHS = NO;
				CLANG_ENABLE_MODULES = YES;
				COPY_PHASE_STRIP = NO;
				DEBUG_INFORMATION_FORMAT = dwarf;
				ENABLE_TESTABILITY = YES;
				GCC_DYNAMIC_NO_PIC = NO;
				MACOSX_DEPLOYMENT_TARGET = 15.0;
				ONLY_ACTIVE_ARCH = YES;
				SDKROOT = macosx;
				SWIFT_ACTIVE_COMPILATION_CONDITIONS = DEBUG;
				SWIFT_OPTIMIZATION_LEVEL = "-Onone";
			};
			name = Debug;
		};
		FD0000600000000000000005 /* Release */ = {
			isa = XCBuildConfiguration;
			buildSettings = {
				ALWAYS_SEARCH_USER_PATHS = NO;
				CLANG_ENABLE_MODULES = YES;
				COPY_PHASE_STRIP = NO;
				DEBUG_INFORMATION_FORMAT = "dwarf-with-dsym";
				MACOSX_DEPLOYMENT_TARGET = 15.0;
				SDKROOT = macosx;
				SWIFT_COMPILATION_MODE = wholemodule;
			};
			name = Release;
		};
		FD0000600000000000000001 /* Debug */ = {
			isa = XCBuildConfiguration;
			buildSettings = {
				ASSETCATALOG_COMPILER_APPICON_NAME = AppIcon;
				CODE_SIGN_ENTITLEMENTS = Dictabar/Dictabar.entitlements;
				CODE_SIGN_IDENTITY = "Apple Development";
				CODE_SIGN_STYLE = Automatic;
				COMBINE_HIDPI_IMAGES = YES;
				CURRENT_PROJECT_VERSION = 37;
				DEVELOPMENT_TEAM = 8J49699RB4;
				ENABLE_HARDENED_RUNTIME = YES;
				GENERATE_INFOPLIST_FILE = NO;
				INFOPLIST_FILE = Dictabar/Info.plist;
				LD_RUNPATH_SEARCH_PATHS = (
					"$(inherited)",
					"@executable_path/../Frameworks",
				);
				MACOSX_DEPLOYMENT_TARGET = 15.0;
				MARKETING_VERSION = 0.6.21;
				PRODUCT_BUNDLE_IDENTIFIER = app.dictabar.Dictabar;
				PRODUCT_NAME = "$(TARGET_NAME)";
				SWIFT_VERSION = 6.0;
			};
			name = Debug;
		};
		FD0000600000000000000003 /* Release */ = {
			isa = XCBuildConfiguration;
			buildSettings = {
				ASSETCATALOG_COMPILER_APPICON_NAME = AppIcon;
				CODE_SIGN_ENTITLEMENTS = Dictabar/Dictabar.entitlements;
				CODE_SIGN_IDENTITY = "Developer ID Application";
				CODE_SIGN_INJECT_BASE_ENTITLEMENTS = NO;
				CODE_SIGN_STYLE = Manual;
				COMBINE_HIDPI_IMAGES = YES;
				CURRENT_PROJECT_VERSION = 37;
				DEVELOPMENT_TEAM = 8J49699RB4;
				ENABLE_HARDENED_RUNTIME = YES;
				GENERATE_INFOPLIST_FILE = NO;
				INFOPLIST_FILE = Dictabar/Info.plist;
				LD_RUNPATH_SEARCH_PATHS = (
					"$(inherited)",
					"@executable_path/../Frameworks",
				);
				MACOSX_DEPLOYMENT_TARGET = 15.0;
				MARKETING_VERSION = 0.6.21;
				PRODUCT_BUNDLE_IDENTIFIER = app.dictabar.Dictabar;
				PRODUCT_NAME = "$(TARGET_NAME)";
				SWIFT_VERSION = 6.0;
			};
			name = Release;
		};
/* End XCBuildConfiguration section */

/* Begin XCConfigurationList section */
		FD0000600000000000000000 /* Build configuration list for PBXProject "Dictabar" */ = {
			isa = XCConfigurationList;
			buildConfigurations = (
				FD0000600000000000000004 /* Debug */,
				FD0000600000000000000005 /* Release */,
			);
			defaultConfigurationIsVisible = 0;
			defaultConfigurationName = Release;
		};
		FD0000600000000000000002 /* Build configuration list for PBXNativeTarget "Dictabar" */ = {
			isa = XCConfigurationList;
			buildConfigurations = (
				FD0000600000000000000001 /* Debug */,
				FD0000600000000000000003 /* Release */,
			);
			defaultConfigurationIsVisible = 0;
			defaultConfigurationName = Release;
		};
/* End XCConfigurationList section */

/* Begin XCRemoteSwiftPackageReference section */
		FD1000300000000000000001 /* XCRemoteSwiftPackageReference "speech-swift" */ = {
			isa = XCRemoteSwiftPackageReference;
			repositoryURL = "https://github.com/soniqo/speech-swift.git";
			requirement = {
				kind = revision;
				revision = 555bede026f6663cef998c2458af7daf04aa79f2;
			};
		};
		FD2000300000000000000001 /* XCRemoteSwiftPackageReference "Sparkle" */ = {
			isa = XCRemoteSwiftPackageReference;
			repositoryURL = "https://github.com/sparkle-project/Sparkle";
			requirement = {
				kind = upToNextMajorVersion;
				minimumVersion = 2.9.4;
			};
		};
/* End XCRemoteSwiftPackageReference section */

/* Begin XCSwiftPackageProductDependency section */
		FD1000200000000000000001 /* AudioCommon */ = {
			isa = XCSwiftPackageProductDependency;
			package = FD1000300000000000000001 /* XCRemoteSwiftPackageReference "speech-swift" */;
			productName = AudioCommon;
		};
		FD1000200000000000000002 /* ParakeetASR */ = {
			isa = XCSwiftPackageProductDependency;
			package = FD1000300000000000000001 /* XCRemoteSwiftPackageReference "speech-swift" */;
			productName = ParakeetASR;
		};
		FD1000200000000000000003 /* NemotronStreamingASR */ = {
			isa = XCSwiftPackageProductDependency;
			package = FD1000300000000000000001 /* XCRemoteSwiftPackageReference "speech-swift" */;
			productName = NemotronStreamingASR;
		};
		FD1000200000000000000004 /* Qwen3ASR */ = {
			isa = XCSwiftPackageProductDependency;
			package = FD1000300000000000000001 /* XCRemoteSwiftPackageReference "speech-swift" */;
			productName = Qwen3ASR;
		};
		FD1000200000000000000005 /* MossTranscribe */ = {
			isa = XCSwiftPackageProductDependency;
			package = FD1000300000000000000001 /* XCRemoteSwiftPackageReference "speech-swift" */;
			productName = MossTranscribe;
		};
		FD2000200000000000000001 /* Sparkle */ = {
			isa = XCSwiftPackageProductDependency;
			package = FD2000300000000000000001 /* XCRemoteSwiftPackageReference "Sparkle" */;
			productName = Sparkle;
		};
/* End XCSwiftPackageProductDependency section */
	};
	rootObject = FD0000900000000000000000 /* Project object */;
}
